{
  "requires": true,
  "lockfileVersion": 1,
  "dependencies": {
    "@material/animation": {
      "version": "11.0.0",
      "resolved": "https://registry.npmjs.org/@material/animation/-/animation-11.0.0.tgz",
      "integrity": "sha512-pAJRl0ySvfOzqyGUme27tPf1LbqrjSTK4g5kngpXOPAIQdYYx89QLAfcqHONSpvXO7/WP+Kc9zJ3WWxbUaG8Wg==",
      "requires": {
        "tslib": "^2.1.0"
      }
    },
    "@material/base": {
      "version": "11.0.0",
      "resolved": "https://registry.npmjs.org/@material/base/-/base-11.0.0.tgz",
      "integrity": "sha512-GTybYdiWBoEyYQ3he8cEeuXe5mPq2peFX41rBsMrs516TGDxrVJrEAKNedydhtpfRBsZRreTXMLZtbGrZzfIFQ==",
      "requires": {
        "tslib": "^2.1.0"
      }
    },
    "@material/button": {
      "version": "11.0.0",
      "resolved": "https://registry.npmjs.org/@material/button/-/button-11.0.0.tgz",
      "integrity": "sha512-KqqxEcsj8jBkV1yNEiPoHiB1AJBa/1OGm7H+hF+C3RUTIrRLew8IuRL1ZY38ukdHvhno1/qmVMKOs6ui0mxjlg==",
      "requires": {
        "@material/density": "^11.0.0",
        "@material/dom": "^11.0.0",
        "@material/elevation": "^11.0.0",
        "@material/feature-targeting": "^11.0.0",
        "@material/ripple": "^11.0.0",
        "@material/rtl": "^11.0.0",
        "@material/shape": "^11.0.0",
        "@material/theme": "^11.0.0",
        "@material/touch-target": "^11.0.0",
        "@material/typography": "^11.0.0",
        "tslib": "^2.1.0"
      }
    },
    "@material/density": {
      "version": "11.0.0",
      "resolved": "https://registry.npmjs.org/@material/density/-/density-11.0.0.tgz",
      "integrity": "sha512-FuSx0UukH7p9cIAxEg78zwL5iYuoa/YovyHuuEEudyhWsRH+u0KBSQlYWr+ykg//qZF6urlDrVmu7WAKi1SiCw==",
      "requires": {
        "tslib": "^2.1.0"
      }
    },
    "@material/dom": {
      "version": "11.0.0",
      "resolved": "https://registry.npmjs.org/@material/dom/-/dom-11.0.0.tgz",
      "integrity": "sha512-LZdg6VmYnMXc/Ct/GdQ22o4m3UgjhZYQIrwu9Iebqchx0Vd2OTmcFN5nArHSCSgUEhpjpPlkbZmjOpeOAwiKZg==",
      "requires": {
        "@material/feature-targeting": "^11.0.0",
        "tslib": "^2.1.0"
      }
    },
    "@material/elevation": {
      "version": "11.0.0",
      "resolved": "https://registry.npmjs.org/@material/elevation/-/elevation-11.0.0.tgz",
      "integrity": "sha512-mgrUSBAdXJ1+VS/SWnu/gr9/nq7P1q5X3aDmoom2EPKauEeKhuAHjABI5duxHOrliZM3mK9VLO56D/tszb7spw==",
      "requires": {
        "@material/animation": "^11.0.0",
        "@material/base": "^11.0.0",
        "@material/feature-targeting": "^11.0.0",
        "@material/theme": "^11.0.0",
        "tslib": "^2.1.0"
      }
    },
    "@material/feature-targeting": {
      "version": "11.0.0",
      "resolved": "https://registry.npmjs.org/@material/feature-targeting/-/feature-targeting-11.0.0.tgz",
      "integrity": "sha512-7/jdaHm7C16Eq02tDQ1iI+giWKgk+QRNWFrmGKzHfXbU604XwY/eSLSiVS8QI01vx9QZ0aO9K84m0yhQQNQQtg==",
      "requires": {
        "tslib": "^2.1.0"
      }
    },
    "@material/ripple": {
      "version": "11.0.0",
      "resolved": "https://registry.npmjs.org/@material/ripple/-/ripple-11.0.0.tgz",
      "integrity": "sha512-672zAsYaL8aS861VgfEPL4sFMkFe0psiSc+4DfUTq7Nanl4e1gcarzzHZAn5IExUNk3/5QybDiXV+dbaL/0NjQ==",
      "requires": {
        "@material/animation": "^11.0.0",
        "@material/base": "^11.0.0",
        "@material/dom": "^11.0.0",
        "@material/feature-targeting": "^11.0.0",
        "@material/theme": "^11.0.0",
        "tslib": "^2.1.0"
      }
    },
    "@material/rtl": {
      "version": "11.0.0",
      "resolved": "https://registry.npmjs.org/@material/rtl/-/rtl-11.0.0.tgz",
      "integrity": "sha512-FcS8+N9MhnC0Wdd34O2yCC/5ylIwkfHjV5pbmHyEtb4YXoWngnPIxgpOr5PsUv95WSQBmeqWCRJDwS+sGZHoKQ==",
      "requires": {
        "@material/theme": "^11.0.0",
        "tslib": "^2.1.0"
      }
    },
    "@material/shape": {
      "version": "11.0.0",
      "resolved": "https://registry.npmjs.org/@material/shape/-/shape-11.0.0.tgz",
      "integrity": "sha512-O9/Dt/9Nbum1IvxRd4u8gCF4ghk9E55UNp2TGe+RN43zpTUbChh2raOFr3sQeRwLIzlb4wstUG9AxmdktrkDUQ==",
      "requires": {
        "@material/feature-targeting": "^11.0.0",
        "@material/rtl": "^11.0.0",
        "@material/theme": "^11.0.0",
        "tslib": "^2.1.0"
      }
    },
    "@material/theme": {
      "version": "11.0.0",
      "resolved": "https://registry.npmjs.org/@material/theme/-/theme-11.0.0.tgz",
      "integrity": "sha512-GnQI8sd2wHFD3AvmhpyRaH5o9D5Shobs1xDH4FdRU9+c+FNNqouZMDzyM6UpCX4700DzqvE7l0/1LjzB7ve7Lg==",
      "requires": {
        "@material/feature-targeting": "^11.0.0",
        "tslib": "^2.1.0"
      }
    },
    "@material/touch-target": {
      "version": "11.0.0",
      "resolved": "https://registry.npmjs.org/@material/touch-target/-/touch-target-11.0.0.tgz",
      "integrity": "sha512-S1XPYj3Bnkw26nFdYRZ0BHcNLfizF8HBeX9+OR7KuJUKaFB6CN01CtyEmDU3XNI0n140KjMtJnsZykWZommolQ==",
      "requires": {
        "@material/base": "^11.0.0",
        "@material/feature-targeting": "^11.0.0",
        "tslib": "^2.1.0"
      }
    },
    "@material/typography": {
      "version": "11.0.0",
      "resolved": "https://registry.npmjs.org/@material/typography/-/typography-11.0.0.tgz",
      "integrity": "sha512-i9IGO/ZsF+YnqC2+PpJapt/8hSXOKFXaqv6B9uUr+iQ8GD4bEFpxm5kChzH918wJpCHvxbTYbnR6buaF9nkjCQ==",
      "requires": {
        "@material/feature-targeting": "^11.0.0",
        "@material/theme": "^11.0.0",
        "tslib": "^2.1.0"
      }
    },
    "@pixi/accessibility": {
      "version": "6.0.2",
      "resolved": "https://registry.npmjs.org/@pixi/accessibility/-/accessibility-6.0.2.tgz",
      "integrity": "sha512-zHJcrGmpphnqjUQr+5HhcoInuKxZu3PxGl/NRgTC5gpWp259D0LBPT7k3Lt45r4kruDCMUGpMZVb1s46IZniSQ==",
      "requires": {
        "@pixi/canvas-renderer": "6.0.2",
        "@pixi/core": "6.0.2",
        "@pixi/display": "6.0.2",
        "@pixi/utils": "6.0.2"
      }
    },
    "@pixi/app": {
      "version": "6.0.2",
      "resolved": "https://registry.npmjs.org/@pixi/app/-/app-6.0.2.tgz",
      "integrity": "sha512-zHCzO0K5jJ48ngbH4FpdYJh1LxuGn9mJSIOF8YorqXFt+3drM9R9/qGGfSGdA9O7rW0O0uIkSndQwPXIlOIsUA==",
      "requires": {
        "@pixi/core": "6.0.2",
        "@pixi/display": "6.0.2"
      }
    },
    "@pixi/canvas-renderer": {
      "version": "6.0.2",
      "resolved": "https://registry.npmjs.org/@pixi/canvas-renderer/-/canvas-renderer-6.0.2.tgz",
      "integrity": "sha512-SL3pLxAjEQdVN8Tp/p2svciKeA0DRH7HhlO95frVwxzvG4Z3GGYU39f3ejtCaLPqLGzEJmLND7lbIXh0b+Ornw==",
      "requires": {
        "@pixi/constants": "6.0.2",
        "@pixi/core": "6.0.2",
        "@pixi/math": "6.0.2",
        "@pixi/settings": "6.0.2",
        "@pixi/utils": "6.0.2"
      }
    },
    "@pixi/compressed-textures": {
      "version": "6.0.2",
      "resolved": "https://registry.npmjs.org/@pixi/compressed-textures/-/compressed-textures-6.0.2.tgz",
      "integrity": "sha512-SDuCLn/IEo8j1O+OYPVYy3Dz8+jAXLPdJsMYfs4GOGhsQWZ9js5bfLXWuwr6QRPOXoR3e8zb9qC3co8149pNLg==",
      "requires": {
        "@pixi/constants": "6.0.2",
        "@pixi/core": "6.0.2",
        "@pixi/loaders": "6.0.2"
      }
    },
    "@pixi/constants": {
      "version": "6.0.2",
      "resolved": "https://registry.npmjs.org/@pixi/constants/-/constants-6.0.2.tgz",
      "integrity": "sha512-4GSVKWr+qtjTj8IpRjXSnpkhF944ybjTSz9FnoqZZJgFxh/+9r53StHEGtKoK+BsSrmqbGzWax9krfc620KcLA=="
    },
    "@pixi/core": {
      "version": "6.0.2",
      "resolved": "https://registry.npmjs.org/@pixi/core/-/core-6.0.2.tgz",
      "integrity": "sha512-Bz0WQDncrXuLEjU6pX5INrCLd5UorgBfufgysQzncOITIER4sZjAq5R/mCS1M3d4mGFhXZQyMyQK+O4LacWvOQ==",
      "requires": {
        "@pixi/constants": "6.0.2",
        "@pixi/math": "6.0.2",
        "@pixi/runner": "6.0.2",
        "@pixi/settings": "6.0.2",
        "@pixi/ticker": "6.0.2",
        "@pixi/utils": "6.0.2"
      }
    },
    "@pixi/display": {
      "version": "6.0.2",
      "resolved": "https://registry.npmjs.org/@pixi/display/-/display-6.0.2.tgz",
      "integrity": "sha512-5qJxwT07McA7EK2yFhqvAjEJpap4Xa2hUCRDfsxl+Fu1Y3zDNBKI7HB8+mWZdYtSnnh5fJxrrw5lPo4HX7M+6w==",
      "requires": {
        "@pixi/math": "6.0.2",
        "@pixi/settings": "6.0.2",
        "@pixi/utils": "6.0.2"
      }
    },
    "@pixi/extract": {
      "version": "6.0.2",
      "resolved": "https://registry.npmjs.org/@pixi/extract/-/extract-6.0.2.tgz",
      "integrity": "sha512-vGrewyLREzZOGAjcJO60s7oDm8ATbJOB5KyxuJXOSmIuhEmP69ohmxt1Rk6W8nfUS5m3gYU2KsY//RfDghHzVA==",
      "requires": {
        "@pixi/core": "6.0.2",
        "@pixi/math": "6.0.2",
        "@pixi/utils": "6.0.2"
      }
    },
    "@pixi/filter-alpha": {
      "version": "6.0.2",
      "resolved": "https://registry.npmjs.org/@pixi/filter-alpha/-/filter-alpha-6.0.2.tgz",
      "integrity": "sha512-fk7I2mCdQLbt9KrxiCd1103okSoNGXnxa1uY1V66jouSo51IXB3PkNEIFbET/cYOM7kKiMui20sYath1g596ag==",
      "requires": {
        "@pixi/core": "6.0.2"
      }
    },
    "@pixi/filter-blur": {
      "version": "6.0.2",
      "resolved": "https://registry.npmjs.org/@pixi/filter-blur/-/filter-blur-6.0.2.tgz",
      "integrity": "sha512-FzaIl4l10lOW4+1SWFjLvK3MtH66zBG1SEa/cMUcVOfwZRIrg5pY3X842kZhNErm42yr9N2xBtKwwVBqQRbV8w==",
      "requires": {
        "@pixi/core": "6.0.2",
        "@pixi/settings": "6.0.2"
      }
    },
    "@pixi/filter-color-matrix": {
      "version": "6.0.2",
      "resolved": "https://registry.npmjs.org/@pixi/filter-color-matrix/-/filter-color-matrix-6.0.2.tgz",
      "integrity": "sha512-zOKdURfQFBIqknpisG1Ow7BiYD7zVTAHU/Y4aPNBFwcAxET/fKFDB8vJFztO1g0C4v05ivjVXmvAuIAjlXdOhw==",
      "requires": {
        "@pixi/core": "6.0.2"
      }
    },
    "@pixi/filter-displacement": {
      "version": "6.0.2",
      "resolved": "https://registry.npmjs.org/@pixi/filter-displacement/-/filter-displacement-6.0.2.tgz",
      "integrity": "sha512-ozhpQ0YkGxsMDzE8u/zTYp0LZ52VBM849iCIqY/WSVZkjeNYB0XhUZdI/7RMDPMVfiQSENimacEpsOgzsOIPSA==",
      "requires": {
        "@pixi/core": "6.0.2",
        "@pixi/math": "6.0.2"
      }
    },
    "@pixi/filter-fxaa": {
      "version": "6.0.2",
      "resolved": "https://registry.npmjs.org/@pixi/filter-fxaa/-/filter-fxaa-6.0.2.tgz",
      "integrity": "sha512-dkX2udy4CqUuAS5yEu3udzdCbpZVdHgoVEksSiFiGzyC17uexkHaunQAgLb2UFGmjbdLT4Vk2FIrgM3+sMWQ3w==",
      "requires": {
        "@pixi/core": "6.0.2"
      }
    },
    "@pixi/filter-noise": {
      "version": "6.0.2",
      "resolved": "https://registry.npmjs.org/@pixi/filter-noise/-/filter-noise-6.0.2.tgz",
      "integrity": "sha512-UnaRYV06qWe7ytBHZ8hK6ZH8Bnqhwtuhoj86pAv0Jhc8EXwcKC2wLT7JDFxBnjB1GwJuWDYnNrQpPsyRQsHNiA==",
      "requires": {
        "@pixi/core": "6.0.2"
      }
    },
    "@pixi/graphics": {
      "version": "6.0.2",
      "resolved": "https://registry.npmjs.org/@pixi/graphics/-/graphics-6.0.2.tgz",
      "integrity": "sha512-/hONnNsWIo8O/0yQf2voBRi0aLnt7RXHXiYLb1d0bMkfYVHbn6r+TYZsz/mjOC1MRW+B0Bkh5ZxRWOgF3IpCiA==",
      "requires": {
        "@pixi/constants": "6.0.2",
        "@pixi/core": "6.0.2",
        "@pixi/display": "6.0.2",
        "@pixi/math": "6.0.2",
        "@pixi/sprite": "6.0.2",
        "@pixi/utils": "6.0.2"
      }
    },
    "@pixi/interaction": {
      "version": "6.0.2",
      "resolved": "https://registry.npmjs.org/@pixi/interaction/-/interaction-6.0.2.tgz",
      "integrity": "sha512-YRT1reJXISgAf1+lRECpchR7+MUcGA/vdC612oG0fbrONCI0r1jMwMjdEcTnuMzZrzfSGL6yz0pkhIjWMjuY0g==",
      "requires": {
        "@pixi/core": "6.0.2",
        "@pixi/display": "6.0.2",
        "@pixi/math": "6.0.2",
        "@pixi/ticker": "6.0.2",
        "@pixi/utils": "6.0.2"
      }
    },
    "@pixi/loaders": {
      "version": "6.0.2",
      "resolved": "https://registry.npmjs.org/@pixi/loaders/-/loaders-6.0.2.tgz",
      "integrity": "sha512-ir71du5YOoH/NW8/rNwQ5br+YCVcKWUAltsUaQfTCMLjPzaT8nHtsBiy/krQIGNus179l1h7NfGrSOK/RU936Q==",
      "requires": {
        "@pixi/constants": "6.0.2",
        "@pixi/core": "6.0.2",
        "@pixi/utils": "6.0.2",
        "resource-loader": "^3.0.1"
      }
    },
    "@pixi/math": {
      "version": "6.0.2",
      "resolved": "https://registry.npmjs.org/@pixi/math/-/math-6.0.2.tgz",
      "integrity": "sha512-eA4VmqkWTUSRl1iYIu3sCitbg8+QfohU0Zk/61J1s0pzWtLjMECkrlcwiFfCxwNU7MhkOATQ53dxgmNtBa77zw=="
    },
    "@pixi/mesh": {
      "version": "6.0.2",
      "resolved": "https://registry.npmjs.org/@pixi/mesh/-/mesh-6.0.2.tgz",
      "integrity": "sha512-Sc3VrB7/MQ4/Ju86Cks43pJlw6bH0o/SXm/UgIkW7B2cYQMdffcWwt3bOvdyeiChNJWN6308m9VtU0Dx+5xalA==",
      "requires": {
        "@pixi/constants": "6.0.2",
        "@pixi/core": "6.0.2",
        "@pixi/display": "6.0.2",
        "@pixi/math": "6.0.2",
        "@pixi/settings": "6.0.2",
        "@pixi/utils": "6.0.2"
      }
    },
    "@pixi/mesh-extras": {
      "version": "6.0.2",
      "resolved": "https://registry.npmjs.org/@pixi/mesh-extras/-/mesh-extras-6.0.2.tgz",
      "integrity": "sha512-Q2O3/MR5ghMx95N2DnvYbyDL6aK9fU5cxLy6nEAd/i4iNyBA/XIfC7iB6WY207OyF9PIjPedT5Ha1SSSiujhAA==",
      "requires": {
        "@pixi/constants": "6.0.2",
        "@pixi/core": "6.0.2",
        "@pixi/math": "6.0.2",
        "@pixi/mesh": "6.0.2",
        "@pixi/utils": "6.0.2"
      }
    },
    "@pixi/mixin-cache-as-bitmap": {
      "version": "6.0.2",
      "resolved": "https://registry.npmjs.org/@pixi/mixin-cache-as-bitmap/-/mixin-cache-as-bitmap-6.0.2.tgz",
      "integrity": "sha512-GBS/s1sf01AWmWBiFD9ppx/20EZMGYvJ2vq/fK/7jmTRA1gTJVI9UA/Suhx3n2KVe7szRDHBAgKKuMjC0W4q7w==",
      "requires": {
        "@pixi/canvas-renderer": "6.0.2",
        "@pixi/core": "6.0.2",
        "@pixi/display": "6.0.2",
        "@pixi/math": "6.0.2",
        "@pixi/settings": "6.0.2",
        "@pixi/sprite": "6.0.2",
        "@pixi/utils": "6.0.2"
      }
    },
    "@pixi/mixin-get-child-by-name": {
      "version": "6.0.2",
      "resolved": "https://registry.npmjs.org/@pixi/mixin-get-child-by-name/-/mixin-get-child-by-name-6.0.2.tgz",
      "integrity": "sha512-qQ+cqOXX50FG3DyuOS69iVc9uOox93ARJoBoh1d3aYwHMUg45oBTyX6xv3suquvPTDcLnKGrJeiHQ/c/xw7tRw==",
      "requires": {
        "@pixi/display": "6.0.2"
      }
    },
    "@pixi/mixin-get-global-position": {
      "version": "6.0.2",
      "resolved": "https://registry.npmjs.org/@pixi/mixin-get-global-position/-/mixin-get-global-position-6.0.2.tgz",
      "integrity": "sha512-waO1D/asjNorJpE+hdJqCg1gnfqOVIUf2mZmKWfS4jW/OPvhbAR1pX6uXP2uZ6yLoK/Ft94x9faMjuDeqxMdFg==",
      "requires": {
        "@pixi/display": "6.0.2",
        "@pixi/math": "6.0.2"
      }
    },
    "@pixi/particles": {
      "version": "6.0.2",
      "resolved": "https://registry.npmjs.org/@pixi/particles/-/particles-6.0.2.tgz",
      "integrity": "sha512-Z0vAjqmCGXrdwBmdiC7I4Flv0QQ0q4GxC1lqymT58KhA//GiZOLYp0FuK5RojslLrUu7w5MAfUWwLq7gruu2cQ==",
      "requires": {
        "@pixi/constants": "6.0.2",
        "@pixi/core": "6.0.2",
        "@pixi/display": "6.0.2",
        "@pixi/math": "6.0.2",
        "@pixi/utils": "6.0.2"
      }
    },
    "@pixi/polyfill": {
      "version": "6.0.2",
      "resolved": "https://registry.npmjs.org/@pixi/polyfill/-/polyfill-6.0.2.tgz",
      "integrity": "sha512-PD+d3kGPPKoYgkSQ/xT8U3y12T4StkcpCK6QfFy6k+dkWHzGcQI1aE46Vw6tZ+ZkFi5nRUTNk9C3VlwWt/Fdfw==",
      "requires": {
        "object-assign": "^4.1.1",
        "promise-polyfill": "^8.2.0"
      }
    },
    "@pixi/prepare": {
      "version": "6.0.2",
      "resolved": "https://registry.npmjs.org/@pixi/prepare/-/prepare-6.0.2.tgz",
      "integrity": "sha512-bmVE/6qV7Psd3EhumLdeAH7MmU3VpuUcnbyDhrmrJrUmfbqrXiMApCLqGSYjMHQI/abZwFQ0vMgDQhx9dfG8wA==",
      "requires": {
        "@pixi/core": "6.0.2",
        "@pixi/display": "6.0.2",
        "@pixi/graphics": "6.0.2",
        "@pixi/settings": "6.0.2",
        "@pixi/text": "6.0.2",
        "@pixi/ticker": "6.0.2"
      }
    },
    "@pixi/runner": {
      "version": "6.0.2",
      "resolved": "https://registry.npmjs.org/@pixi/runner/-/runner-6.0.2.tgz",
      "integrity": "sha512-HcaDuwT+kconUZJh9gzGy166R/0hWkgXpLX0mqUYo5qPKmhiC+balJsiha6IIV6Ckg5c5IX2GQBSkXJrEDlOMg=="
    },
    "@pixi/settings": {
      "version": "6.0.2",
      "resolved": "https://registry.npmjs.org/@pixi/settings/-/settings-6.0.2.tgz",
      "integrity": "sha512-hZMZIKDsqpf2qtVAnZvemGcFw1ujkZb/r4nVn4/hYeyZLK63I5IpQKEPPK9NMicTM697V+BRoMbWqbrlubiLKw==",
      "requires": {
        "ismobilejs": "^1.1.0"
      }
    },
    "@pixi/sprite": {
      "version": "6.0.2",
      "resolved": "https://registry.npmjs.org/@pixi/sprite/-/sprite-6.0.2.tgz",
      "integrity": "sha512-I9FHX0zxvfVg/L6hZVRX9kpsdbbxLu9KhN8kdJmDR+RGxuoxGrnboTx5VgT3AW0rYJvwp47VneQTKVVMjat11A==",
      "requires": {
        "@pixi/constants": "6.0.2",
        "@pixi/core": "6.0.2",
        "@pixi/display": "6.0.2",
        "@pixi/math": "6.0.2",
        "@pixi/settings": "6.0.2",
        "@pixi/utils": "6.0.2"
      }
    },
    "@pixi/sprite-animated": {
      "version": "6.0.2",
      "resolved": "https://registry.npmjs.org/@pixi/sprite-animated/-/sprite-animated-6.0.2.tgz",
      "integrity": "sha512-OSINySJ1uk/iaD4Yk/3czRlitTMVIEgzgvqzSZL+GcqHqzc3lW/BpZ31+so+W/4Yv7KckzBJdB++GvsAfAU0kA==",
      "requires": {
        "@pixi/core": "6.0.2",
        "@pixi/sprite": "6.0.2",
        "@pixi/ticker": "6.0.2"
      }
    },
    "@pixi/sprite-tiling": {
      "version": "6.0.2",
      "resolved": "https://registry.npmjs.org/@pixi/sprite-tiling/-/sprite-tiling-6.0.2.tgz",
      "integrity": "sha512-tauohq//qEZirTM5A6pLKUIUgBPp1qTxjrI4lpFp4scalehAdR04dPe3a9JMr7uwmPiskQIB5/LZX7sMtl3jpg==",
      "requires": {
        "@pixi/constants": "6.0.2",
        "@pixi/core": "6.0.2",
        "@pixi/display": "6.0.2",
        "@pixi/math": "6.0.2",
        "@pixi/sprite": "6.0.2",
        "@pixi/utils": "6.0.2"
      }
    },
    "@pixi/spritesheet": {
      "version": "6.0.2",
      "resolved": "https://registry.npmjs.org/@pixi/spritesheet/-/spritesheet-6.0.2.tgz",
      "integrity": "sha512-gWVxx0uWKaNtcj1beLZw0vvogDgmerct+oSA0pU6A3b20pDMrAPc90EuOEOOQ/xxxrHfpIY00IIXsUmAmmA0Zg==",
      "requires": {
        "@pixi/core": "6.0.2",
        "@pixi/loaders": "6.0.2",
        "@pixi/math": "6.0.2",
        "@pixi/utils": "6.0.2"
      }
    },
    "@pixi/text": {
      "version": "6.0.2",
      "resolved": "https://registry.npmjs.org/@pixi/text/-/text-6.0.2.tgz",
      "integrity": "sha512-XBhiwLeuL8dBsPwXMDOq9O0JxZcOA2l0aOnFs2O2fZPLL4gkvyquZA+s95C6bGZMR+6j0xtFIQDCsBQCZl1A/g==",
      "requires": {
        "@pixi/core": "6.0.2",
        "@pixi/math": "6.0.2",
        "@pixi/settings": "6.0.2",
        "@pixi/sprite": "6.0.2",
        "@pixi/utils": "6.0.2"
      }
    },
    "@pixi/text-bitmap": {
      "version": "6.0.2",
      "resolved": "https://registry.npmjs.org/@pixi/text-bitmap/-/text-bitmap-6.0.2.tgz",
      "integrity": "sha512-wT3JUp/Y1+B979UpIMibV3Cir0Tb1oi5Sc1r6FPr51KUfFxHMj6Q7+OV1YxJvSMoaKLK6efImfMXGKAKYtVXMQ==",
      "requires": {
        "@pixi/core": "6.0.2",
        "@pixi/display": "6.0.2",
        "@pixi/loaders": "6.0.2",
        "@pixi/math": "6.0.2",
        "@pixi/mesh": "6.0.2",
        "@pixi/settings": "6.0.2",
        "@pixi/text": "6.0.2",
        "@pixi/utils": "6.0.2"
      }
    },
    "@pixi/ticker": {
      "version": "6.0.2",
      "resolved": "https://registry.npmjs.org/@pixi/ticker/-/ticker-6.0.2.tgz",
      "integrity": "sha512-oBZTfId0D+hDbDCaYvREclI7jvIAmcaxd7iaOPcELHcPPyJ+ym+4hggsXSIchXeeFYasLjI5bfqJPzzL6IasTg==",
      "requires": {
        "@pixi/settings": "6.0.2"
      }
    },
    "@pixi/utils": {
      "version": "6.0.2",
      "resolved": "https://registry.npmjs.org/@pixi/utils/-/utils-6.0.2.tgz",
      "integrity": "sha512-jx3ZYJ29mTJSqBPQbDUPPorsPXiGOQzL6IIW5vwE05LekYmwocR8b48vLYKdbr8XdyOQ7Eqe43PodiwCLjuWvA==",
      "requires": {
        "@pixi/constants": "6.0.2",
        "@pixi/settings": "6.0.2",
        "@types/earcut": "^2.1.0",
        "earcut": "^2.2.2",
        "eventemitter3": "^3.1.0",
        "url": "^0.11.0"
      }
    },
    "@types/earcut": {
      "version": "2.1.1",
      "resolved": "https://registry.npmjs.org/@types/earcut/-/earcut-2.1.1.tgz",
      "integrity": "sha512-w8oigUCDjElRHRRrMvn/spybSMyX8MTkKA5Dv+tS1IE/TgmNZPqUYtvYBXGY8cieSE66gm+szeK+bnbxC2xHTQ=="
    },
    "ansi-regex": {
      "version": "4.1.0",
      "resolved": "https://registry.npmjs.org/ansi-regex/-/ansi-regex-4.1.0.tgz",
      "integrity": "sha512-1apePfXM1UOSqw0o9IiFAovVz9M5S1Dg+4TrDwfMewQ6p/rmMueb7tWZjQ1rx4Loy1ArBggoqGpfqqdI4rondg=="
    },
    "ansi-styles": {
      "version": "3.2.1",
      "resolved": "https://registry.npmjs.org/ansi-styles/-/ansi-styles-3.2.1.tgz",
      "integrity": "sha512-VT0ZI6kZRdTh8YyJw3SMbYm/u+NqfsAxEpWO0Pf9sq8/e94WxxOpPKx9FR1FlyCtOVDNOQ+8ntlqFxiRc+r5qA==",
      "requires": {
        "color-convert": "^1.9.0"
      }
    },
    "camelcase": {
      "version": "5.3.1",
      "resolved": "https://registry.npmjs.org/camelcase/-/camelcase-5.3.1.tgz",
      "integrity": "sha512-L28STB170nwWS63UjtlEOE3dldQApaJXZkOI1uMFfzf3rRuPegHaHesyee+YxQ+W6SvRDQV6UrdOdRiR153wJg=="
    },
    "cliui": {
      "version": "5.0.0",
      "resolved": "https://registry.npmjs.org/cliui/-/cliui-5.0.0.tgz",
      "integrity": "sha512-PYeGSEmmHM6zvoef2w8TPzlrnNpXIjTipYK780YswmIP9vjxmd6Y2a3CB2Ks6/AU8NHjZugXvo8w3oWM2qnwXA==",
      "requires": {
        "string-width": "^3.1.0",
        "strip-ansi": "^5.2.0",
        "wrap-ansi": "^5.1.0"
      }
    },
    "color-convert": {
      "version": "1.9.3",
      "resolved": "https://registry.npmjs.org/color-convert/-/color-convert-1.9.3.tgz",
      "integrity": "sha512-QfAUtd+vFdAtFQcC8CCyYt1fYWxSqAiK2cSD6zDB8N3cpsEBAvRxp9zOGg6G/SHHJYAT88/az/IuDGALsNVbGg==",
      "requires": {
        "color-name": "1.1.3"
      }
    },
    "color-name": {
      "version": "1.1.3",
      "resolved": "https://registry.npmjs.org/color-name/-/color-name-1.1.3.tgz",
      "integrity": "sha1-p9BVi9icQveV3UIyj3QIMcpTvCU="
    },
    "decamelize": {
      "version": "1.2.0",
      "resolved": "https://registry.npmjs.org/decamelize/-/decamelize-1.2.0.tgz",
      "integrity": "sha1-9lNNFRSCabIDUue+4m9QH5oZEpA="
    },
    "earcut": {
      "version": "2.2.2",
      "resolved": "https://registry.npmjs.org/earcut/-/earcut-2.2.2.tgz",
      "integrity": "sha512-eZoZPPJcUHnfRZ0PjLvx2qBordSiO8ofC3vt+qACLM95u+4DovnbYNpQtJh0DNsWj8RnxrQytD4WA8gj5cRIaQ=="
    },
    "emoji-regex": {
      "version": "7.0.3",
      "resolved": "https://registry.npmjs.org/emoji-regex/-/emoji-regex-7.0.3.tgz",
      "integrity": "sha512-CwBLREIQ7LvYFB0WyRvwhq5N5qPhc6PMjD6bYggFlI5YyDgl+0vxq5VHbMOFqLg7hfWzmu8T5Z1QofhmTIhItA=="
    },
    "eventemitter3": {
      "version": "3.1.2",
      "resolved": "https://registry.npmjs.org/eventemitter3/-/eventemitter3-3.1.2.tgz",
      "integrity": "sha512-tvtQIeLVHjDkJYnzf2dgVMxfuSGJeM/7UCG17TT4EumTfNtF+0nebF/4zWOIkCreAbtNqhGEboB6BWrwqNaw4Q=="
    },
    "find-up": {
      "version": "3.0.0",
      "resolved": "https://registry.npmjs.org/find-up/-/find-up-3.0.0.tgz",
      "integrity": "sha512-1yD6RmLI1XBfxugvORwlck6f75tYL+iR0jqwsOrOxMZyGYqUuDhJ0l4AXdO1iX/FTs9cBAMEk1gWSEx1kSbylg==",
      "requires": {
        "locate-path": "^3.0.0"
      }
    },
    "get-caller-file": {
      "version": "2.0.5",
      "resolved": "https://registry.npmjs.org/get-caller-file/-/get-caller-file-2.0.5.tgz",
      "integrity": "sha512-DyFP3BM/3YHTQOCUL/w0OZHR0lpKeGrxotcHWcqNEdnltqFwXVfhEBQ94eIo34AfQpo0rGki4cyIiftY06h2Fg=="
    },
    "is-fullwidth-code-point": {
      "version": "2.0.0",
      "resolved": "https://registry.npmjs.org/is-fullwidth-code-point/-/is-fullwidth-code-point-2.0.0.tgz",
      "integrity": "sha1-o7MKXE8ZkYMWeqq5O+764937ZU8="
    },
    "ismobilejs": {
      "version": "1.1.1",
      "resolved": "https://registry.npmjs.org/ismobilejs/-/ismobilejs-1.1.1.tgz",
      "integrity": "sha512-VaFW53yt8QO61k2WJui0dHf4SlL8lxBofUuUmwBo0ljPk0Drz2TiuDW4jo3wDcv41qy/SxrJ+VAzJ/qYqsmzRw=="
    },
    "locate-path": {
      "version": "3.0.0",
      "resolved": "https://registry.npmjs.org/locate-path/-/locate-path-3.0.0.tgz",
      "integrity": "sha512-7AO748wWnIhNqAuaty2ZWHkQHRSNfPVIsPIfwEOWO22AmaoVrWavlOcMR5nzTLNYvp36X220/maaRsrec1G65A==",
      "requires": {
        "p-locate": "^3.0.0",
        "path-exists": "^3.0.0"
      }
    },
    "mini-signals": {
      "version": "1.2.0",
      "resolved": "https://registry.npmjs.org/mini-signals/-/mini-signals-1.2.0.tgz",
      "integrity": "sha1-RbCAE8X65RokqhqTXNMXye1yHXQ="
    },
    "object-assign": {
      "version": "4.1.1",
      "resolved": "https://registry.npmjs.org/object-assign/-/object-assign-4.1.1.tgz",
      "integrity": "sha1-IQmtx5ZYh8/AXLvUQsrIv7s2CGM="
    },
    "p-limit": {
      "version": "2.3.0",
      "resolved": "https://registry.npmjs.org/p-limit/-/p-limit-2.3.0.tgz",
      "integrity": "sha512-//88mFWSJx8lxCzwdAABTJL2MyWB12+eIY7MDL2SqLmAkeKU9qxRvWuSyTjm3FUmpBEMuFfckAIqEaVGUDxb6w==",
      "requires": {
        "p-try": "^2.0.0"
      }
    },
    "p-locate": {
      "version": "3.0.0",
      "resolved": "https://registry.npmjs.org/p-locate/-/p-locate-3.0.0.tgz",
      "integrity": "sha512-x+12w/To+4GFfgJhBEpiDcLozRJGegY+Ei7/z0tSLkMmxGZNybVMSfWj9aJn8Z5Fc7dBUNJOOVgPv2H7IwulSQ==",
      "requires": {
        "p-limit": "^2.0.0"
      }
    },
    "p-try": {
      "version": "2.2.0",
      "resolved": "https://registry.npmjs.org/p-try/-/p-try-2.2.0.tgz",
      "integrity": "sha512-R4nPAVTAU0B9D35/Gk3uJf/7XYbQcyohSKdvAxIRSNghFl4e71hVoGnBNQz9cWaXxO2I10KTC+3jMdvvoKw6dQ=="
    },
    "parse-uri": {
      "version": "1.0.3",
      "resolved": "https://registry.npmjs.org/parse-uri/-/parse-uri-1.0.3.tgz",
      "integrity": "sha512-upMnGxNcm+45So85HoguwZTVZI9u11i36DdxJfGF2HYWS2eh3TIx7+/tTi7qrEq15qzGkVhsKjesau+kCk48pA=="
    },
    "path-exists": {
      "version": "3.0.0",
      "resolved": "https://registry.npmjs.org/path-exists/-/path-exists-3.0.0.tgz",
      "integrity": "sha1-zg6+ql94yxiSXqfYENe1mwEP1RU="
    },
    "pixi.js": {
      "version": "6.0.2",
      "resolved": "https://registry.npmjs.org/pixi.js/-/pixi.js-6.0.2.tgz",
      "integrity": "sha512-ioH2+TxyWMwY+nlOgopxfHBBOpB2Wp79LBNCXPP8dIFWH6q70IAKAL++39aK7+MyLvdqwQ+tSnIWuAMNpKPJCw==",
      "requires": {
        "@pixi/accessibility": "6.0.2",
        "@pixi/app": "6.0.2",
        "@pixi/compressed-textures": "6.0.2",
        "@pixi/constants": "6.0.2",
        "@pixi/core": "6.0.2",
        "@pixi/display": "6.0.2",
        "@pixi/extract": "6.0.2",
        "@pixi/filter-alpha": "6.0.2",
        "@pixi/filter-blur": "6.0.2",
        "@pixi/filter-color-matrix": "6.0.2",
        "@pixi/filter-displacement": "6.0.2",
        "@pixi/filter-fxaa": "6.0.2",
        "@pixi/filter-noise": "6.0.2",
        "@pixi/graphics": "6.0.2",
        "@pixi/interaction": "6.0.2",
        "@pixi/loaders": "6.0.2",
        "@pixi/math": "6.0.2",
        "@pixi/mesh": "6.0.2",
        "@pixi/mesh-extras": "6.0.2",
        "@pixi/mixin-cache-as-bitmap": "6.0.2",
        "@pixi/mixin-get-child-by-name": "6.0.2",
        "@pixi/mixin-get-global-position": "6.0.2",
        "@pixi/particles": "6.0.2",
        "@pixi/polyfill": "6.0.2",
        "@pixi/prepare": "6.0.2",
        "@pixi/runner": "6.0.2",
        "@pixi/settings": "6.0.2",
        "@pixi/sprite": "6.0.2",
        "@pixi/sprite-animated": "6.0.2",
        "@pixi/sprite-tiling": "6.0.2",
        "@pixi/spritesheet": "6.0.2",
        "@pixi/text": "6.0.2",
        "@pixi/text-bitmap": "6.0.2",
        "@pixi/ticker": "6.0.2",
        "@pixi/utils": "6.0.2"
      }
    },
    "promise-polyfill": {
      "version": "8.2.0",
      "resolved": "https://registry.npmjs.org/promise-polyfill/-/promise-polyfill-8.2.0.tgz",
      "integrity": "sha512-k/TC0mIcPVF6yHhUvwAp7cvL6I2fFV7TzF1DuGPI8mBh4QQazf36xCKEHKTZKRysEoTQoQdKyP25J8MPJp7j5g=="
    },
    "punycode": {
      "version": "1.3.2",
      "resolved": "https://registry.npmjs.org/punycode/-/punycode-1.3.2.tgz",
      "integrity": "sha1-llOgNvt8HuQjQvIyXM7v6jkmxI0="
    },
    "querystring": {
      "version": "0.2.0",
      "resolved": "https://registry.npmjs.org/querystring/-/querystring-0.2.0.tgz",
      "integrity": "sha1-sgmEkgO7Jd+CDadW50cAWHhSFiA="
    },
    "require-directory": {
      "version": "2.1.1",
      "resolved": "https://registry.npmjs.org/require-directory/-/require-directory-2.1.1.tgz",
      "integrity": "sha1-jGStX9MNqxyXbiNE/+f3kqam30I="
    },
    "require-main-filename": {
      "version": "2.0.0",
      "resolved": "https://registry.npmjs.org/require-main-filename/-/require-main-filename-2.0.0.tgz",
      "integrity": "sha512-NKN5kMDylKuldxYLSUfrbo5Tuzh4hd+2E8NPPX02mZtn1VuREQToYe/ZdlJy+J3uCpfaiGF05e7B8W0iXbQHmg=="
    },
    "resource-loader": {
      "version": "3.0.1",
      "resolved": "https://registry.npmjs.org/resource-loader/-/resource-loader-3.0.1.tgz",
      "integrity": "sha512-fBuCRbEHdLCI1eglzQhUv9Rrdcmqkydr1r6uHE2cYHvRBrcLXeSmbE/qI/urFt8rPr/IGxir3BUwM5kUK8XoyA==",
      "requires": {
        "mini-signals": "^1.2.0",
        "parse-uri": "^1.0.0"
      }
    },
    "set-blocking": {
      "version": "2.0.0",
      "resolved": "https://registry.npmjs.org/set-blocking/-/set-blocking-2.0.0.tgz",
      "integrity": "sha1-BF+XgtARrppoA93TgrJDkrPYkPc="
    },
    "showdown": {
      "version": "1.9.1",
      "resolved": "https://registry.npmjs.org/showdown/-/showdown-1.9.1.tgz",
      "integrity": "sha512-9cGuS382HcvExtf5AHk7Cb4pAeQQ+h0eTr33V1mu+crYWV4KvWAw6el92bDrqGEk5d46Ai/fhbEUwqJ/mTCNEA==",
      "requires": {
        "yargs": "^14.2"
      }
    },
    "string-width": {
      "version": "3.1.0",
      "resolved": "https://registry.npmjs.org/string-width/-/string-width-3.1.0.tgz",
      "integrity": "sha512-vafcv6KjVZKSgz06oM/H6GDBrAtz8vdhQakGjFIvNrHA6y3HCF1CInLy+QLq8dTJPQ1b+KDUqDFctkdRW44e1w==",
      "requires": {
        "emoji-regex": "^7.0.1",
        "is-fullwidth-code-point": "^2.0.0",
        "strip-ansi": "^5.1.0"
      }
    },
    "strip-ansi": {
      "version": "5.2.0",
      "resolved": "https://registry.npmjs.org/strip-ansi/-/strip-ansi-5.2.0.tgz",
      "integrity": "sha512-DuRs1gKbBqsMKIZlrffwlug8MHkcnpjs5VPmL1PAh+mA30U0DTotfDZ0d2UUsXpPmPmMMJ6W773MaA3J+lbiWA==",
      "requires": {
        "ansi-regex": "^4.1.0"
      }
    },
    "tslib": {
      "version": "2.2.0",
      "resolved": "https://registry.npmjs.org/tslib/-/tslib-2.2.0.tgz",
      "integrity": "sha512-gS9GVHRU+RGn5KQM2rllAlR3dU6m7AcpJKdtH8gFvQiC4Otgk98XnmMU+nZenHt/+VhnBPWwgrJsyrdcw6i23w=="
    },
    "url": {
      "version": "0.11.0",
      "resolved": "https://registry.npmjs.org/url/-/url-0.11.0.tgz",
      "integrity": "sha1-ODjpfPxgUh63PFJajlW/3Z4uKPE=",
      "requires": {
        "punycode": "1.3.2",
        "querystring": "0.2.0"
      }
    },
    "which-module": {
      "version": "2.0.0",
      "resolved": "https://registry.npmjs.org/which-module/-/which-module-2.0.0.tgz",
      "integrity": "sha1-2e8H3Od7mQK4o6j6SzHD4/fm6Ho="
    },
    "wrap-ansi": {
      "version": "5.1.0",
      "resolved": "https://registry.npmjs.org/wrap-ansi/-/wrap-ansi-5.1.0.tgz",
      "integrity": "sha512-QC1/iN/2/RPVJ5jYK8BGttj5z83LmSKmvbvrXPNCLZSEb32KKVDJDl/MOt2N01qU2H/FkzEa9PKto1BqDjtd7Q==",
      "requires": {
        "ansi-styles": "^3.2.0",
        "string-width": "^3.0.0",
        "strip-ansi": "^5.0.0"
      }
    },
    "y18n": {
      "version": "4.0.3",
      "resolved": "https://registry.npmjs.org/y18n/-/y18n-4.0.3.tgz",
      "integrity": "sha512-JKhqTOwSrqNA1NY5lSztJ1GrBiUodLMmIZuLiDaMRJ+itFd+ABVE8XBjOvIWL+rSqNDC74LCSFmlb/U4UZ4hJQ=="
    },
    "yargs": {
      "version": "14.2.3",
      "resolved": "https://registry.npmjs.org/yargs/-/yargs-14.2.3.tgz",
      "integrity": "sha512-ZbotRWhF+lkjijC/VhmOT9wSgyBQ7+zr13+YLkhfsSiTriYsMzkTUFP18pFhWwBeMa5gUc1MzbhrO6/VB7c9Xg==",
      "requires": {
        "cliui": "^5.0.0",
        "decamelize": "^1.2.0",
        "find-up": "^3.0.0",
        "get-caller-file": "^2.0.1",
        "require-directory": "^2.1.1",
        "require-main-filename": "^2.0.0",
        "set-blocking": "^2.0.0",
        "string-width": "^3.0.0",
        "which-module": "^2.0.0",
        "y18n": "^4.0.0",
        "yargs-parser": "^15.0.1"
      }
    },
    "yargs-parser": {
      "version": "15.0.1",
      "resolved": "https://registry.npmjs.org/yargs-parser/-/yargs-parser-15.0.1.tgz",
      "integrity": "sha512-0OAMV2mAZQrs3FkNpDQcBk1x5HXb8X4twADss4S0Iuk+2dGnLOE/fRHrsYm542GduMveyA77OF4wrNJuanRCWw==",
      "requires": {
        "camelcase": "^5.0.0",
        "decamelize": "^1.2.0"
      }
    }
  }
}
